
Microsoft Visual Studio Solution File, Format Version 12.00
# Visual Studio Version 17
VisualStudioVersion = 17.11.35327.3
MinimumVisualStudioVersion = 10.0.40219.1
Project("{9A19103F-16F7-4668-BE54-9A1E7A4F7556}") = "epi-make-model.4Series", "src\epi-make-model.4Series.csproj", "{52E6E0A0-A710-4B5F-AF52-08816F5C99BB}"
EndProject
Global
	GlobalSection(SolutionConfigurationPlatforms) = preSolution
		Debug|Any CPU = Debug|Any CPU
		Release|Any CPU = Release|Any CPU
	EndGlobalSection
	GlobalSection(ProjectConfigurationPlatforms) = postSolution
		{52E6E0A0-A710-4B5F-AF52-08816F5C99BB}.Debug|Any CPU.ActiveCfg = Debug|Any CPU
		{52E6E0A0-A710-4B5F-AF52-08816F5C99BB}.Debug|Any CPU.Build.0 = Debug|Any CPU
		{52E6E0A0-A710-4B5F-AF52-08816F5C99BB}.Release|Any CPU.ActiveCfg = Release|Any CPU
		{52E6E0A0-A710-4B5F-AF52-08816F5C99BB}.Release|Any CPU.Build.0 = Release|Any CPU
	EndGlobalSection
	GlobalSection(SolutionProperties) = preSolution
		HideSolutionNode = FALSE
	EndGlobalSection
	GlobalSection(ExtensibilityGlobals) = postSolution
		SolutionGuid = {45BE70E2-A4DC-4851-92ED-CE67B99F5D86}
	EndGlobalSection
EndGlobal
